
Microsoft Visual Studio Solution File, Format Version 12.00
Project("{FAE04EC0-301F-11D3-BF4B-00C04F79EFBC}") = "PerformanceAnalysisDemo", "PerformanceAnalysisDemo\PerformanceAnalysisDemo.csproj", "{42CCB640-FE9C-4B03-9FD2-AAE42ADF395E}"
EndProject
Global
	GlobalSection(SolutionConfigurationPlatforms) = preSolution
		Debug|Any CPU = Debug|Any CPU
		Release|Any CPU = Release|Any CPU
	EndGlobalSection
	GlobalSection(ProjectConfigurationPlatforms) = postSolution
		{42CCB640-FE9C-4B03-9FD2-AAE42ADF395E}.Debug|Any CPU.ActiveCfg = Debug|Any CPU
		{42CCB640-FE9C-4B03-9FD2-AAE42ADF395E}.Debug|Any CPU.Build.0 = Debug|Any CPU
		{42CCB640-FE9C-4B03-9FD2-AAE42ADF395E}.Release|Any CPU.ActiveCfg = Release|Any CPU
		{42CCB640-FE9C-4B03-9FD2-AAE42ADF395E}.Release|Any CPU.Build.0 = Release|Any CPU
	EndGlobalSection
EndGlobal
